{
  "name": "gauge-geometry",
  "version": "1.2.0",
  "lockfileVersion": 1,
  "requires": true,
  "dependencies": {
    "@smallstoneapps/linked-list": {
      "version": "1.4.0",
      "resolved": "https://registry.npmjs.org/@smallstoneapps/linked-list/-/linked-list-1.4.0.tgz",
      "integrity": "sha1-M6sEciAombB+C6MY1J2vhncDGdk="
    },
    "enamel": {
      "version": "1.2.5",
      "resolved": "https://registry.npmjs.org/enamel/-/enamel-1.2.5.tgz",
      "integrity": "sha1-nEGd48sV+yurWaWbN/bOUOkfTsU=",
      "requires": {
        "pebble-clay": "^1.0.1",
        "pebble-events": "^1.0.0"
      }
    },
    "pebble-clay": {
      "version": "1.0.4",
      "resolved": "https://registry.npmjs.org/pebble-clay/-/pebble-clay-1.0.4.tgz",
      "integrity": "sha1-/fkvD9x3CpecBodOqiRXzC52I0Q="
    },
    "pebble-events": {
      "version": "1.2.0",
      "resolved": "https://registry.npmjs.org/pebble-events/-/pebble-events-1.2.0.tgz",
      "integrity": "sha1-C1d5etIL/AKqfadk5cR8Yq6zw2Y=",
      "requires": {
        "@smallstoneapps/linked-list": "^1.3.0"
      }
    }
  }
}
