{
	"name": "gauge-geometry",
	"version": "2.0.0",
	"lockfileVersion": 3,
	"requires": true,
	"packages": {
		"": {
			"name": "gauge-geometry",
			"version": "2.0.0",
			"dependencies": {
				"@rebble/clay": "^1.1.0",
				"pebble-events": "^1.2.1"
			}
		},
		"node_modules/@rebble/clay": {
			"version": "1.1.0",
			"resolved": "https://registry.npmjs.org/@rebble/clay/-/clay-1.1.0.tgz",
			"integrity": "sha512-JiJdu0V9nR1lskp73g1wb7gCTA4I0GMTpDwmls6UpATiX96sBMT14EeZCwSFpsL8OkXfLI78O70lsgnM1V9Hzg=="
		},
		"node_modules/@rebble/linked-list": {
			"version": "1.5.1",
			"resolved": "https://registry.npmjs.org/@rebble/linked-list/-/linked-list-1.5.1.tgz",
			"integrity": "sha512-2LFdkLnf+xRyTs/SdId7i+4vGUj6IQjl/V2FNZ6OQuZsiWrVK9ukP+tcALICm6u9SOYuGNw9zKOCRNjZcNc76Q=="
		},
		"node_modules/pebble-events": {
			"version": "1.2.1",
			"resolved": "https://registry.npmjs.org/pebble-events/-/pebble-events-1.2.1.tgz",
			"integrity": "sha512-rbDISKvtemZIXGeCY8GYjXFHDnnA45pFwMxUZaXT9Zeh+OVkWuI9tYntlqrSC8iqchde8Z269L1UJ5oYnHTniQ==",
			"dependencies": {
				"@rebble/linked-list": "^1.5.1"
			}
		}
	}
}
